github.com/dbx123/go-logger v0.0.0-20220707184500-88a19ec59f74 h1:aVkIoZlHFzGv0dncw3I+NS/OMkwojG3IwkQ0mVKRKkQ=
github.com/dbx123/go-logger v0.0.0-20220707184500-88a19ec59f74/go.mod h1:356avKYs1Qo0iDqajRcXhCoMErXd03SbS67G/Mp0I5I=
github.com/dbx123/go-progress v0.0.0-20220708114615-f358f616f3f9 h1:HFAf0d7czEJ11gAM4o4dJhhNdobxlji1jaoogBxo7Do=
github.com/dbx123/go-progress v0.0.0-20220708114615-f358f616f3f9/go.mod h1:Vo1lpTQc1O0Hdjk/WFI/X1VKUHXzfm9cvX6uEHszj2k=
github.com/dbx123/go-utils v0.0.0-20220707185719-3820efa3bba2 h1:Dj3ejkc6mEyh5sXGMLDMfGfJEddHfO47JwPGApCL3Uw=
github.com/dbx123/go-utils v0.0.0-20220707185719-3820efa3bba2/go.mod h1:v+zaYTXXYHMzvCmNZHBy2PgdXQwYhmtdQPU4UQqdylU=
