github.com/dbx123/csync v0.0.0-20220707182439-4d9aa75f1971/go.mod h1:L/UiP5dSN4uz0bLYKTY0PgktQ4WUckVwO9wxup41HyQ=
github.com/dbx123/csync v0.0.0-20220716220931-6025fc2f9eb7 h1:WHdvv5z2TKkiyxToS0isAZomsq/D/UbKmJp5Jciphww=
github.com/dbx123/csync v0.0.0-20220716220931-6025fc2f9eb7/go.mod h1:sbiTZhUUPPRPfd+Gje1bmkK8EimWgMdiU+AXgLusZ7c=
github.com/dbx123/go-logger v0.0.0-20220707184500-88a19ec59f74 h1:aVkIoZlHFzGv0dncw3I+NS/OMkwojG3IwkQ0mVKRKkQ=
github.com/dbx123/go-logger v0.0.0-20220707184500-88a19ec59f74/go.mod h1:356avKYs1Qo0iDqajRcXhCoMErXd03SbS67G/Mp0I5I=
github.com/dbx123/go-progress v0.0.0-20220716221019-e3ba27c74e6c h1:WPfpwiQYbySl8G1AwsZrrCAveoJTkkSlrzeOVB2UoBA=
github.com/dbx123/go-progress v0.0.0-20220716221019-e3ba27c74e6c/go.mod h1:tNwCdcKGbQ4uX/Ch1DjcKTAcAMD4KY+PgvYjlNc5rHk=
github.com/dbx123/go-utils v0.0.0-20220707185719-3820efa3bba2/go.mod h1:v+zaYTXXYHMzvCmNZHBy2PgdXQwYhmtdQPU4UQqdylU=
github.com/dbx123/go-utils v0.0.0-20220723193040-72b947ae4903 h1:T4A3ndW3ZhcdP6ZLq1IM7dIWyyd6Dv5vwK6GPlI+cFs=
github.com/dbx123/go-utils v0.0.0-20220723193040-72b947ae4903/go.mod h1:mfi/EP0ywf/qeRDgBWqiAHIqkwL/0tDoqCzGWkkpO+w=
github.com/dbx123/uiprogress v0.0.0-20220707194112-b083f3bb3c4e h1:Ftqillf3JCZqt2axTs415hYEIT1UdeqNWzJEmjMltfo=
github.com/dbx123/uiprogress v0.0.0-20220707194112-b083f3bb3c4e/go.mod h1:bpLpjqB4VxYSqigAfaNXHsIcti0ps/lRpdKSYzpPvpM=
github.com/gosuri/uilive v0.0.4 h1:hUEBpQDj8D8jXgtCdBu7sWsy5sbW/5GhuO8KBwJ2jyY=
github.com/gosuri/uilive v0.0.4/go.mod h1:V/epo5LjjlDE5RJUcqx8dbw+zc93y5Ya3yg8tfZ74VI=
github.com/mattn/go-isatty v0.0.14 h1:yVuAays6BHfxijgZPzw+3Zlu5yQgKGP2/hcQbHb7S9Y=
github.com/mattn/go-isatty v0.0.14/go.mod h1:7GGIvUiUoEMVVmxf/4nioHXj79iQHKdU27kJ6hsGG94=
golang.org/x/sys v0.0.0-20210630005230-0f9fa26af87c h1:F1jZWGFhYfh0Ci55sIpILtKKK8p3i2/krTr0H1rg74I=
golang.org/x/sys v0.0.0-20210630005230-0f9fa26af87c/go.mod h1:oPkhp1MJrh7nUepCBck5+mAzfO9JrbApNNgaTdGDITg=
